
Microsoft Visual Studio Solution File, Format Version 12.00
# Visual Studio Version 17
VisualStudioVersion = 17.7.34031.279
MinimumVisualStudioVersion = 10.0.40219.1
Project("{FAE04EC0-301F-11D3-BF4B-00C04F79EFBC}") = "ForumWeb.Web", "ForumWeb.Web\ForumWeb.Web.csproj", "{CE325737-F51D-4723-8F86-11B8BE3A550C}"
EndProject
Global
	GlobalSection(SolutionConfigurationPlatforms) = preSolution
		Debug|Any CPU = Debug|Any CPU
		Release|Any CPU = Release|Any CPU
	EndGlobalSection
	GlobalSection(ProjectConfigurationPlatforms) = postSolution
		{CE325737-F51D-4723-8F86-11B8BE3A550C}.Debug|Any CPU.ActiveCfg = Debug|Any CPU
		{CE325737-F51D-4723-8F86-11B8BE3A550C}.Debug|Any CPU.Build.0 = Debug|Any CPU
		{CE325737-F51D-4723-8F86-11B8BE3A550C}.Release|Any CPU.ActiveCfg = Release|Any CPU
		{CE325737-F51D-4723-8F86-11B8BE3A550C}.Release|Any CPU.Build.0 = Release|Any CPU
	EndGlobalSection
	GlobalSection(SolutionProperties) = preSolution
		HideSolutionNode = FALSE
	EndGlobalSection
	GlobalSection(ExtensibilityGlobals) = postSolution
		SolutionGuid = {B73CE44A-104B-4E0C-AB87-909BA6D84374}
	EndGlobalSection
EndGlobal
